
Microsoft Visual Studio Solution File, Format Version 12.00
# Visual Studio Version 17
VisualStudioVersion = 17.7.34024.191
MinimumVisualStudioVersion = 10.0.40219.1
Project("{FAE04EC0-301F-11D3-BF4B-00C04F79EFBC}") = "LINQMethods", "LINQMethods.csproj", "{6EF32D78-CC21-4C45-804D-FD1AD66D7BD4}"
EndProject
Global
	GlobalSection(SolutionConfigurationPlatforms) = preSolution
		Debug|Any CPU = Debug|Any CPU
		Release|Any CPU = Release|Any CPU
	EndGlobalSection
	GlobalSection(ProjectConfigurationPlatforms) = postSolution
		{6EF32D78-CC21-4C45-804D-FD1AD66D7BD4}.Debug|Any CPU.ActiveCfg = Debug|Any CPU
		{6EF32D78-CC21-4C45-804D-FD1AD66D7BD4}.Debug|Any CPU.Build.0 = Debug|Any CPU
		{6EF32D78-CC21-4C45-804D-FD1AD66D7BD4}.Release|Any CPU.ActiveCfg = Release|Any CPU
		{6EF32D78-CC21-4C45-804D-FD1AD66D7BD4}.Release|Any CPU.Build.0 = Release|Any CPU
	EndGlobalSection
	GlobalSection(SolutionProperties) = preSolution
		HideSolutionNode = FALSE
	EndGlobalSection
	GlobalSection(ExtensibilityGlobals) = postSolution
		SolutionGuid = {5DEB3444-35A7-4D6F-BDD8-2D265EA6860B}
	EndGlobalSection
EndGlobal
